
Microsoft Visual Studio Solution File, Format Version 12.00
# Visual Studio Version 16
VisualStudioVersion = 16.0.28803.352
MinimumVisualStudioVersion = 10.0.40219.1
Project("{FAE04EC0-301F-11D3-BF4B-00C04F79EFBC}") = "CSharp4StringDemo", "CSharp4StringDemo\CSharp4StringDemo.csproj", "{7D8253CB-D7E3-49D7-8818-8D120DE9F7BB}"
EndProject
Global
	GlobalSection(SolutionConfigurationPlatforms) = preSolution
		Debug|Any CPU = Debug|Any CPU
		Release|Any CPU = Release|Any CPU
	EndGlobalSection
	GlobalSection(ProjectConfigurationPlatforms) = postSolution
		{7D8253CB-D7E3-49D7-8818-8D120DE9F7BB}.Debug|Any CPU.ActiveCfg = Debug|Any CPU
		{7D8253CB-D7E3-49D7-8818-8D120DE9F7BB}.Debug|Any CPU.Build.0 = Debug|Any CPU
		{7D8253CB-D7E3-49D7-8818-8D120DE9F7BB}.Release|Any CPU.ActiveCfg = Release|Any CPU
		{7D8253CB-D7E3-49D7-8818-8D120DE9F7BB}.Release|Any CPU.Build.0 = Release|Any CPU
	EndGlobalSection
	GlobalSection(SolutionProperties) = preSolution
		HideSolutionNode = FALSE
	EndGlobalSection
	GlobalSection(ExtensibilityGlobals) = postSolution
		SolutionGuid = {F97D6CC4-1AE0-4D24-B2FB-538289131294}
	EndGlobalSection
EndGlobal
